
Microsoft Visual Studio Solution File, Format Version 12.00
# Visual Studio Version 17
VisualStudioVersion = 17.5.002.0
MinimumVisualStudioVersion = 10.0.40219.1
Project("{9A19103F-16F7-4668-BE54-9A1E7A4F7556}") = "TicketReservationSystemAPI", "TicketReservationSystemAPI.csproj", "{CED0A8C8-DA7A-41DA-8654-12B1A285A3F0}"
EndProject
Global
	GlobalSection(SolutionConfigurationPlatforms) = preSolution
		Debug|Any CPU = Debug|Any CPU
		Release|Any CPU = Release|Any CPU
	EndGlobalSection
	GlobalSection(ProjectConfigurationPlatforms) = postSolution
		{CED0A8C8-DA7A-41DA-8654-12B1A285A3F0}.Debug|Any CPU.ActiveCfg = Debug|Any CPU
		{CED0A8C8-DA7A-41DA-8654-12B1A285A3F0}.Debug|Any CPU.Build.0 = Debug|Any CPU
		{CED0A8C8-DA7A-41DA-8654-12B1A285A3F0}.Release|Any CPU.ActiveCfg = Release|Any CPU
		{CED0A8C8-DA7A-41DA-8654-12B1A285A3F0}.Release|Any CPU.Build.0 = Release|Any CPU
	EndGlobalSection
	GlobalSection(SolutionProperties) = preSolution
		HideSolutionNode = FALSE
	EndGlobalSection
	GlobalSection(ExtensibilityGlobals) = postSolution
		SolutionGuid = {54D73D5B-ADF3-494E-9AAA-C5DCC2B9CB99}
	EndGlobalSection
EndGlobal
