
Microsoft Visual Studio Solution File, Format Version 12.00
# Visual Studio Version 17
VisualStudioVersion = 17.6.33829.357
MinimumVisualStudioVersion = 10.0.40219.1
Project("{FAE04EC0-301F-11D3-BF4B-00C04F79EFBC}") = "TicketReservationSystemAPI", "TicketReservationSystemAPI\TicketReservationSystemAPI.csproj", "{C1E7423C-0387-4C6C-996B-03D7CFDF16EA}"
EndProject
Global
	GlobalSection(SolutionConfigurationPlatforms) = preSolution
		Debug|Any CPU = Debug|Any CPU
		Release|Any CPU = Release|Any CPU
	EndGlobalSection
	GlobalSection(ProjectConfigurationPlatforms) = postSolution
		{C1E7423C-0387-4C6C-996B-03D7CFDF16EA}.Debug|Any CPU.ActiveCfg = Debug|Any CPU
		{C1E7423C-0387-4C6C-996B-03D7CFDF16EA}.Debug|Any CPU.Build.0 = Debug|Any CPU
		{C1E7423C-0387-4C6C-996B-03D7CFDF16EA}.Release|Any CPU.ActiveCfg = Release|Any CPU
		{C1E7423C-0387-4C6C-996B-03D7CFDF16EA}.Release|Any CPU.Build.0 = Release|Any CPU
	EndGlobalSection
	GlobalSection(SolutionProperties) = preSolution
		HideSolutionNode = FALSE
	EndGlobalSection
	GlobalSection(ExtensibilityGlobals) = postSolution
		SolutionGuid = {4781B67A-87B5-4AE8-BD5D-07C23C507C91}
	EndGlobalSection
EndGlobal
